
Microsoft Visual Studio Solution File, Format Version 12.00
# Visual Studio Version 17
VisualStudioVersion = 17.3.32929.385
MinimumVisualStudioVersion = 10.0.40219.1
Project("{FAE04EC0-301F-11D3-BF4B-00C04F79EFBC}") = "age", "age\age.csproj", "{E3E1DDBC-33ED-4A58-9274-FDFB5C400395}"
EndProject
Global
	GlobalSection(SolutionConfigurationPlatforms) = preSolution
		Debug|Any CPU = Debug|Any CPU
		Release|Any CPU = Release|Any CPU
	EndGlobalSection
	GlobalSection(ProjectConfigurationPlatforms) = postSolution
		{E3E1DDBC-33ED-4A58-9274-FDFB5C400395}.Debug|Any CPU.ActiveCfg = Debug|Any CPU
		{E3E1DDBC-33ED-4A58-9274-FDFB5C400395}.Debug|Any CPU.Build.0 = Debug|Any CPU
		{E3E1DDBC-33ED-4A58-9274-FDFB5C400395}.Release|Any CPU.ActiveCfg = Release|Any CPU
		{E3E1DDBC-33ED-4A58-9274-FDFB5C400395}.Release|Any CPU.Build.0 = Release|Any CPU
	EndGlobalSection
	GlobalSection(SolutionProperties) = preSolution
		HideSolutionNode = FALSE
	EndGlobalSection
	GlobalSection(ExtensibilityGlobals) = postSolution
		SolutionGuid = {0FF9B5A0-5D39-4399-B105-97DC1D0C2EC4}
	EndGlobalSection
EndGlobal
